{
  "name": "callcise-vuex",
  "version": "1.0.3",
  "lockfileVersion": 1,
  "requires": true,
  "dependencies": {
    "helpbox": {
      "version": "5.8.0",
      "resolved": "https://registry.npmjs.org/helpbox/-/helpbox-5.8.0.tgz",
      "integrity": "sha512-lrz0Ss+9/ebofp0wD0x2E2cExPPgfNxSebAV/xoQ2YXYl8qc4DlrWxum8Rgl9p+1Ll7cHai+lUVBFly0TdRwUA==",
      "requires": {
        "lodash.deburr": "4.1.0",
        "lodash.flow": "3.5.0",
        "lodash.noop": "3.0.1",
        "lodash.times": "4.3.2",
        "lodash.tolower": "4.1.2"
      }
    },
    "lodash.constant": {
      "version": "3.0.0",
      "resolved": "https://registry.npmjs.org/lodash.constant/-/lodash.constant-3.0.0.tgz",
      "integrity": "sha1-v+Bczn5RWzEokl1jYhOEIL1iSRA="
    },
    "lodash.deburr": {
      "version": "4.1.0",
      "resolved": "https://registry.npmjs.org/lodash.deburr/-/lodash.deburr-4.1.0.tgz",
      "integrity": "sha1-3bG7s+8HRYwBd7oH3hRCLLAz/5s="
    },
    "lodash.flow": {
      "version": "3.5.0",
      "resolved": "https://registry.npmjs.org/lodash.flow/-/lodash.flow-3.5.0.tgz",
      "integrity": "sha1-h79AKSuM+D5OjOGjrkIJ4gBxZ1o="
    },
    "lodash.identity": {
      "version": "3.0.0",
      "resolved": "https://registry.npmjs.org/lodash.identity/-/lodash.identity-3.0.0.tgz",
      "integrity": "sha1-rXvGpOZH15yXLhuA/u968VYmeHY="
    },
    "lodash.noop": {
      "version": "3.0.1",
      "resolved": "https://registry.npmjs.org/lodash.noop/-/lodash.noop-3.0.1.tgz",
      "integrity": "sha1-OBiPTWUKOkdCWEObluxFsyYXEzw="
    },
    "lodash.property": {
      "version": "4.4.2",
      "resolved": "https://registry.npmjs.org/lodash.property/-/lodash.property-4.4.2.tgz",
      "integrity": "sha1-2gcSSCHGQJ0CXzDbjfhRMUUVv/4="
    },
    "lodash.some": {
      "version": "4.6.0",
      "resolved": "https://registry.npmjs.org/lodash.some/-/lodash.some-4.6.0.tgz",
      "integrity": "sha1-G7nzFO9ri63tE7VJFpsqlF62jk0="
    },
    "lodash.times": {
      "version": "4.3.2",
      "resolved": "https://registry.npmjs.org/lodash.times/-/lodash.times-4.3.2.tgz",
      "integrity": "sha1-Ph8lZcQxdU1Uq1fy7RdBk5KFyh0="
    },
    "lodash.tolower": {
      "version": "4.1.2",
      "resolved": "https://registry.npmjs.org/lodash.tolower/-/lodash.tolower-4.1.2.tgz",
      "integrity": "sha1-1tMJrEPu+NROje1mtz2rC+sIBtc="
    },
    "lonad": {
      "version": "0.0.34",
      "resolved": "https://registry.npmjs.org/lonad/-/lonad-0.0.34.tgz",
      "integrity": "sha512-2TgJib6tj54QRjIglOY/3Zzz/nYAUkky+fHtg5YkCJ2/tswzWdKa95vJXVV1G3SVhu5m7TJFSk67RkO2ELchBw==",
      "requires": {
        "helpbox": "5.8.0",
        "lodash.constant": "3.0.0",
        "lodash.flow": "3.5.0",
        "lodash.identity": "3.0.0",
        "lodash.property": "4.4.2",
        "lodash.some": "4.6.0"
      }
    }
  }
}
